
Microsoft Visual Studio Solution File, Format Version 12.00
# Visual Studio Version 16
VisualStudioVersion = 16.0.30907.101
MinimumVisualStudioVersion = 10.0.40219.1
Project("{FAE04EC0-301F-11D3-BF4B-00C04F79EFBC}") = "TernaryChallenge", "TernaryChallenge\TernaryChallenge.csproj", "{ED395AE7-7549-4474-933D-A4D3C4E185D5}"
EndProject
Global
	GlobalSection(SolutionConfigurationPlatforms) = preSolution
		Debug|Any CPU = Debug|Any CPU
		Release|Any CPU = Release|Any CPU
	EndGlobalSection
	GlobalSection(ProjectConfigurationPlatforms) = postSolution
		{ED395AE7-7549-4474-933D-A4D3C4E185D5}.Debug|Any CPU.ActiveCfg = Debug|Any CPU
		{ED395AE7-7549-4474-933D-A4D3C4E185D5}.Debug|Any CPU.Build.0 = Debug|Any CPU
		{ED395AE7-7549-4474-933D-A4D3C4E185D5}.Release|Any CPU.ActiveCfg = Release|Any CPU
		{ED395AE7-7549-4474-933D-A4D3C4E185D5}.Release|Any CPU.Build.0 = Release|Any CPU
	EndGlobalSection
	GlobalSection(SolutionProperties) = preSolution
		HideSolutionNode = FALSE
	EndGlobalSection
	GlobalSection(ExtensibilityGlobals) = postSolution
		SolutionGuid = {9DFE12A1-9A7C-43FE-BADD-482A7B5CAE85}
	EndGlobalSection
EndGlobal
